
Microsoft Visual Studio Solution File, Format Version 12.00
# Visual Studio Version 16
VisualStudioVersion = 16.0.32602.291
MinimumVisualStudioVersion = 10.0.40219.1
Project("{FAE04EC0-301F-11D3-BF4B-00C04F79EFBC}") = "EsViewer", "EsViewer\EsViewer.csproj", "{42958B50-B794-4FDB-A9BA-CA4B4AD08ACD}"
EndProject
Global
	GlobalSection(SolutionConfigurationPlatforms) = preSolution
		Debug|Any CPU = Debug|Any CPU
		Release|Any CPU = Release|Any CPU
	EndGlobalSection
	GlobalSection(ProjectConfigurationPlatforms) = postSolution
		{42958B50-B794-4FDB-A9BA-CA4B4AD08ACD}.Debug|Any CPU.ActiveCfg = Debug|Any CPU
		{42958B50-B794-4FDB-A9BA-CA4B4AD08ACD}.Debug|Any CPU.Build.0 = Debug|Any CPU
		{42958B50-B794-4FDB-A9BA-CA4B4AD08ACD}.Release|Any CPU.ActiveCfg = Release|Any CPU
		{42958B50-B794-4FDB-A9BA-CA4B4AD08ACD}.Release|Any CPU.Build.0 = Release|Any CPU
	EndGlobalSection
	GlobalSection(SolutionProperties) = preSolution
		HideSolutionNode = FALSE
	EndGlobalSection
	GlobalSection(ExtensibilityGlobals) = postSolution
		SolutionGuid = {CFEF1344-66AF-4E81-BBC1-7754E85F2FA2}
	EndGlobalSection
EndGlobal
